// !$*UTF8*$!
{
	archiveVersion = 1;
	classes = {
	};
	objectVersion = 56;
	objects = {

/* Begin PBXBuildFile section */
		389802E12A269CAF00B3204E /* main.cpp in Sources */ = {isa = PBXBuildFile; fileRef = 389802DF2A269CAF00B3204E /* main.cpp */; };
		389802EC2A269EAA00B3204E /* BibliotecaPilaGenerica.cpp in Sources */ = {isa = PBXBuildFile; fileRef = 389802EB2A269EAA00B3204E /* BibliotecaPilaGenerica.cpp */; };
		389802EF2A269ED800B3204E /* PilaConEnteros.cpp in Sources */ = {isa = PBXBuildFile; fileRef = 389802EE2A269ED800B3204E /* PilaConEnteros.cpp */; };
		389802F22A269EFF00B3204E /* PilaConRegistros.cpp in Sources */ = {isa = PBXBuildFile; fileRef = 389802F12A269EFF00B3204E /* PilaConRegistros.cpp */; };
/* End PBXBuildFile section */

/* Begin PBXCopyFilesBuildPhase section */
		389802D32A269C6600B3204E /* CopyFiles */ = {
			isa = PBXCopyFilesBuildPhase;
			buildActionMask = 2147483647;
			dstPath = /usr/share/man/man1/;
			dstSubfolderSpec = 0;
			files = (
			);
			runOnlyForDeploymentPostprocessing = 1;
		};
/* End PBXCopyFilesBuildPhase section */

/* Begin PBXFileReference section */
		389802D52A269C6600B3204E /* Lab6-2022-2 */ = {isa = PBXFileReference; explicitFileType = "compiled.mach-o.executable"; includeInIndex = 0; path = "Lab6-2022-2"; sourceTree = BUILT_PRODUCTS_DIR; };
		389802DF2A269CAF00B3204E /* main.cpp */ = {isa = PBXFileReference; lastKnownFileType = sourcecode.cpp.cpp; path = main.cpp; sourceTree = "<group>"; };
		389802EB2A269EAA00B3204E /* BibliotecaPilaGenerica.cpp */ = {isa = PBXFileReference; lastKnownFileType = sourcecode.cpp.cpp; path = BibliotecaPilaGenerica.cpp; sourceTree = "<group>"; };
		389802ED2A269EC000B3204E /* BibliotecaPilaGenerica.h */ = {isa = PBXFileReference; lastKnownFileType = sourcecode.c.h; path = BibliotecaPilaGenerica.h; sourceTree = "<group>"; };
		389802EE2A269ED800B3204E /* PilaConEnteros.cpp */ = {isa = PBXFileReference; lastKnownFileType = sourcecode.cpp.cpp; path = PilaConEnteros.cpp; sourceTree = "<group>"; };
		389802F02A269EE200B3204E /* PilaConEnteros.h */ = {isa = PBXFileReference; lastKnownFileType = sourcecode.c.h; path = PilaConEnteros.h; sourceTree = "<group>"; };
		389802F12A269EFF00B3204E /* PilaConRegistros.cpp */ = {isa = PBXFileReference; lastKnownFileType = sourcecode.cpp.cpp; path = PilaConRegistros.cpp; sourceTree = "<group>"; };
		389802F32A269F0800B3204E /* PilaConRegistros.h */ = {isa = PBXFileReference; lastKnownFileType = sourcecode.c.h; path = PilaConRegistros.h; sourceTree = "<group>"; };
/* End PBXFileReference section */

/* Begin PBXFrameworksBuildPhase section */
		389802D22A269C6600B3204E /* Frameworks */ = {
			isa = PBXFrameworksBuildPhase;
			buildActionMask = 2147483647;
			files = (
			);
			runOnlyForDeploymentPostprocessing = 0;
		};
/* End PBXFrameworksBuildPhase section */

/* Begin PBXGroup section */
		389802CC2A269C6600B3204E = {
			isa = PBXGroup;
			children = (
				389802F32A269F0800B3204E /* PilaConRegistros.h */,
				389802F12A269EFF00B3204E /* PilaConRegistros.cpp */,
				389802F02A269EE200B3204E /* PilaConEnteros.h */,
				389802EE2A269ED800B3204E /* PilaConEnteros.cpp */,
				389802ED2A269EC000B3204E /* BibliotecaPilaGenerica.h */,
				389802EB2A269EAA00B3204E /* BibliotecaPilaGenerica.cpp */,
				389802DF2A269CAF00B3204E /* main.cpp */,
				389802D62A269C6600B3204E /* Products */,
			);
			sourceTree = "<group>";
		};
		389802D62A269C6600B3204E /* Products */ = {
			isa = PBXGroup;
			children = (
				389802D52A269C6600B3204E /* Lab6-2022-2 */,
			);
			name = Products;
			sourceTree = "<group>";
		};
/* End PBXGroup section */

/* Begin PBXNativeTarget section */
		389802D42A269C6600B3204E /* Lab6-2022-2 */ = {
			isa = PBXNativeTarget;
			buildConfigurationList = 389802DC2A269C6600B3204E /* Build configuration list for PBXNativeTarget "Lab6-2022-2" */;
			buildPhases = (
				389802D12A269C6600B3204E /* Sources */,
				389802D22A269C6600B3204E /* Frameworks */,
				389802D32A269C6600B3204E /* CopyFiles */,
			);
			buildRules = (
			);
			dependencies = (
			);
			name = "Lab6-2022-2";
			productName = "Lab6-2022-2";
			productReference = 389802D52A269C6600B3204E /* Lab6-2022-2 */;
			productType = "com.apple.product-type.tool";
		};
/* End PBXNativeTarget section */

/* Begin PBXProject section */
		389802CD2A269C6600B3204E /* Project object */ = {
			isa = PBXProject;
			attributes = {
				BuildIndependentTargetsInParallel = 1;
				LastUpgradeCheck = 1420;
				TargetAttributes = {
					389802D42A269C6600B3204E = {
						CreatedOnToolsVersion = 14.2;
					};
				};
			};
			buildConfigurationList = 389802D02A269C6600B3204E /* Build configuration list for PBXProject "Lab6-2022-2" */;
			compatibilityVersion = "Xcode 14.0";
			developmentRegion = en;
			hasScannedForEncodings = 0;
			knownRegions = (
				en,
				Base,
			);
			mainGroup = 389802CC2A269C6600B3204E;
			productRefGroup = 389802D62A269C6600B3204E /* Products */;
			projectDirPath = "";
			projectRoot = "";
			targets = (
				389802D42A269C6600B3204E /* Lab6-2022-2 */,
			);
		};
/* End PBXProject section */

/* Begin PBXSourcesBuildPhase section */
		389802D12A269C6600B3204E /* Sources */ = {
			isa = PBXSourcesBuildPhase;
			buildActionMask = 2147483647;
			files = (
				389802E12A269CAF00B3204E /* main.cpp in Sources */,
				389802F22A269EFF00B3204E /* PilaConRegistros.cpp in Sources */,
				389802EF2A269ED800B3204E /* PilaConEnteros.cpp in Sources */,
				389802EC2A269EAA00B3204E /* BibliotecaPilaGenerica.cpp in Sources */,
			);
			runOnlyForDeploymentPostprocessing = 0;
		};
/* End PBXSourcesBuildPhase section */

/* Begin XCBuildConfiguration section */
		389802DA2A269C6600B3204E /* Debug */ = {
			isa = XCBuildConfiguration;
			buildSettings = {
				ALWAYS_SEARCH_USER_PATHS = NO;
				CLANG_ANALYZER_NONNULL = YES;
				CLANG_ANALYZER_NUMBER_OBJECT_CONVERSION = YES_AGGRESSIVE;
				CLANG_CXX_LANGUAGE_STANDARD = "gnu++20";
				CLANG_ENABLE_MODULES = YES;
				CLANG_ENABLE_OBJC_ARC = YES;
				CLANG_ENABLE_OBJC_WEAK = YES;
				CLANG_WARN_BLOCK_CAPTURE_AUTORELEASING = YES;
				CLANG_WARN_BOOL_CONVERSION = YES;
				CLANG_WARN_COMMA = YES;
				CLANG_WARN_CONSTANT_CONVERSION = YES;
				CLANG_WARN_DEPRECATED_OBJC_IMPLEMENTATIONS = YES;
				CLANG_WARN_DIRECT_OBJC_ISA_USAGE = YES_ERROR;
				CLANG_WARN_DOCUMENTATION_COMMENTS = YES;
				CLANG_WARN_EMPTY_BODY = YES;
				CLANG_WARN_ENUM_CONVERSION = YES;
				CLANG_WARN_INFINITE_RECURSION = YES;
				CLANG_WARN_INT_CONVERSION = YES;
				CLANG_WARN_NON_LITERAL_NULL_CONVERSION = YES;
				CLANG_WARN_OBJC_IMPLICIT_RETAIN_SELF = YES;
				CLANG_WARN_OBJC_LITERAL_CONVERSION = YES;
				CLANG_WARN_OBJC_ROOT_CLASS = YES_ERROR;
				CLANG_WARN_QUOTED_INCLUDE_IN_FRAMEWORK_HEADER = YES;
				CLANG_WARN_RANGE_LOOP_ANALYSIS = YES;
				CLANG_WARN_STRICT_PROTOTYPES = YES;
				CLANG_WARN_SUSPICIOUS_MOVE = YES;
				CLANG_WARN_UNGUARDED_AVAILABILITY = YES_AGGRESSIVE;
				CLANG_WARN_UNREACHABLE_CODE = YES;
				CLANG_WARN__DUPLICATE_METHOD_MATCH = YES;
				COPY_PHASE_STRIP = NO;
				DEBUG_INFORMATION_FORMAT = dwarf;
				ENABLE_STRICT_OBJC_MSGSEND = YES;
				ENABLE_TESTABILITY = YES;
				GCC_C_LANGUAGE_STANDARD = gnu11;
				GCC_DYNAMIC_NO_PIC = NO;
				GCC_NO_COMMON_BLOCKS = YES;
				GCC_OPTIMIZATION_LEVEL = 0;
				GCC_PREPROCESSOR_DEFINITIONS = (
					"DEBUG=1",
					"$(inherited)",
				);
				GCC_WARN_64_TO_32_BIT_CONVERSION = YES;
				GCC_WARN_ABOUT_RETURN_TYPE = YES_ERROR;
				GCC_WARN_UNDECLARED_SELECTOR = YES;
				GCC_WARN_UNINITIALIZED_AUTOS = YES_AGGRESSIVE;
				GCC_WARN_UNUSED_FUNCTION = YES;
				GCC_WARN_UNUSED_VARIABLE = YES;
				MACOSX_DEPLOYMENT_TARGET = 12.6;
				MTL_ENABLE_DEBUG_INFO = INCLUDE_SOURCE;
				MTL_FAST_MATH = YES;
				ONLY_ACTIVE_ARCH = YES;
				SDKROOT = macosx;
			};
			name = Debug;
		};
		389802DB2A269C6600B3204E /* Release */ = {
			isa = XCBuildConfiguration;
			buildSettings = {
				ALWAYS_SEARCH_USER_PATHS = NO;
				CLANG_ANALYZER_NONNULL = YES;
				CLANG_ANALYZER_NUMBER_OBJECT_CONVERSION = YES_AGGRESSIVE;
				CLANG_CXX_LANGUAGE_STANDARD = "gnu++20";
				CLANG_ENABLE_MODULES = YES;
				CLANG_ENABLE_OBJC_ARC = YES;
				CLANG_ENABLE_OBJC_WEAK = YES;
				CLANG_WARN_BLOCK_CAPTURE_AUTORELEASING = YES;
				CLANG_WARN_BOOL_CONVERSION = YES;
				CLANG_WARN_COMMA = YES;
				CLANG_WARN_CONSTANT_CONVERSION = YES;
				CLANG_WARN_DEPRECATED_OBJC_IMPLEMENTATIONS = YES;
				CLANG_WARN_DIRECT_OBJC_ISA_USAGE = YES_ERROR;
				CLANG_WARN_DOCUMENTATION_COMMENTS = YES;
				CLANG_WARN_EMPTY_BODY = YES;
				CLANG_WARN_ENUM_CONVERSION = YES;
				CLANG_WARN_INFINITE_RECURSION = YES;
				CLANG_WARN_INT_CONVERSION = YES;
				CLANG_WARN_NON_LITERAL_NULL_CONVERSION = YES;
				CLANG_WARN_OBJC_IMPLICIT_RETAIN_SELF = YES;
				CLANG_WARN_OBJC_LITERAL_CONVERSION = YES;
				CLANG_WARN_OBJC_ROOT_CLASS = YES_ERROR;
				CLANG_WARN_QUOTED_INCLUDE_IN_FRAMEWORK_HEADER = YES;
				CLANG_WARN_RANGE_LOOP_ANALYSIS = YES;
				CLANG_WARN_STRICT_PROTOTYPES = YES;
				CLANG_WARN_SUSPICIOUS_MOVE = YES;
				CLANG_WARN_UNGUARDED_AVAILABILITY = YES_AGGRESSIVE;
				CLANG_WARN_UNREACHABLE_CODE = YES;
				CLANG_WARN__DUPLICATE_METHOD_MATCH = YES;
				COPY_PHASE_STRIP = NO;
				DEBUG_INFORMATION_FORMAT = "dwarf-with-dsym";
				ENABLE_NS_ASSERTIONS = NO;
				ENABLE_STRICT_OBJC_MSGSEND = YES;
				GCC_C_LANGUAGE_STANDARD = gnu11;
				GCC_NO_COMMON_BLOCKS = YES;
				GCC_WARN_64_TO_32_BIT_CONVERSION = YES;
				GCC_WARN_ABOUT_RETURN_TYPE = YES_ERROR;
				GCC_WARN_UNDECLARED_SELECTOR = YES;
				GCC_WARN_UNINITIALIZED_AUTOS = YES_AGGRESSIVE;
				GCC_WARN_UNUSED_FUNCTION = YES;
				GCC_WARN_UNUSED_VARIABLE = YES;
				MACOSX_DEPLOYMENT_TARGET = 12.6;
				MTL_ENABLE_DEBUG_INFO = NO;
				MTL_FAST_MATH = YES;
				SDKROOT = macosx;
			};
			name = Release;
		};
		389802DD2A269C6600B3204E /* Debug */ = {
			isa = XCBuildConfiguration;
			buildSettings = {
				CODE_SIGN_STYLE = Automatic;
				PRODUCT_NAME = "$(TARGET_NAME)";
			};
			name = Debug;
		};
		389802DE2A269C6600B3204E /* Release */ = {
			isa = XCBuildConfiguration;
			buildSettings = {
				CODE_SIGN_STYLE = Automatic;
				PRODUCT_NAME = "$(TARGET_NAME)";
			};
			name = Release;
		};
/* End XCBuildConfiguration section */

/* Begin XCConfigurationList section */
		389802D02A269C6600B3204E /* Build configuration list for PBXProject "Lab6-2022-2" */ = {
			isa = XCConfigurationList;
			buildConfigurations = (
				389802DA2A269C6600B3204E /* Debug */,
				389802DB2A269C6600B3204E /* Release */,
			);
			defaultConfigurationIsVisible = 0;
			defaultConfigurationName = Release;
		};
		389802DC2A269C6600B3204E /* Build configuration list for PBXNativeTarget "Lab6-2022-2" */ = {
			isa = XCConfigurationList;
			buildConfigurations = (
				389802DD2A269C6600B3204E /* Debug */,
				389802DE2A269C6600B3204E /* Release */,
			);
			defaultConfigurationIsVisible = 0;
			defaultConfigurationName = Release;
		};
/* End XCConfigurationList section */
	};
	rootObject = 389802CD2A269C6600B3204E /* Project object */;
}
