// !$*UTF8*$!
{
	archiveVersion = 1;
	classes = {
	};
	objectVersion = 56;
	objects = {

/* Begin PBXBuildFile section */
		38B1A1D62A310B710069A074 /* funciones.cpp in Sources */ = {isa = PBXBuildFile; fileRef = 38B1A1CD2A310B710069A074 /* funciones.cpp */; };
		38B1A1D72A310B710069A074 /* cita.cpp in Sources */ = {isa = PBXBuildFile; fileRef = 38B1A1CE2A310B710069A074 /* cita.cpp */; };
		38B1A1D82A310B710069A074 /* main.cpp in Sources */ = {isa = PBXBuildFile; fileRef = 38B1A1D22A310B710069A074 /* main.cpp */; };
		38B1A1D92A310B710069A074 /* medico.cpp in Sources */ = {isa = PBXBuildFile; fileRef = 38B1A1D32A310B710069A074 /* medico.cpp */; };
		38B1A1DA2A310B710069A074 /* paciente.cpp in Sources */ = {isa = PBXBuildFile; fileRef = 38B1A1D52A310B710069A074 /* paciente.cpp */; };
/* End PBXBuildFile section */

/* Begin PBXCopyFilesBuildPhase section */
		38B1A1C12A310B090069A074 /* CopyFiles */ = {
			isa = PBXCopyFilesBuildPhase;
			buildActionMask = 2147483647;
			dstPath = /usr/share/man/man1/;
			dstSubfolderSpec = 0;
			files = (
			);
			runOnlyForDeploymentPostprocessing = 1;
		};
/* End PBXCopyFilesBuildPhase section */

/* Begin PBXFileReference section */
		38B1A1C32A310B090069A074 /* lab7-2022-1X */ = {isa = PBXFileReference; explicitFileType = "compiled.mach-o.executable"; includeInIndex = 0; path = "lab7-2022-1X"; sourceTree = BUILT_PRODUCTS_DIR; };
		38B1A1CD2A310B710069A074 /* funciones.cpp */ = {isa = PBXFileReference; fileEncoding = 4; lastKnownFileType = sourcecode.cpp.cpp; path = funciones.cpp; sourceTree = "<group>"; };
		38B1A1CE2A310B710069A074 /* cita.cpp */ = {isa = PBXFileReference; fileEncoding = 4; lastKnownFileType = sourcecode.cpp.cpp; path = cita.cpp; sourceTree = "<group>"; };
		38B1A1CF2A310B710069A074 /* paciente.h */ = {isa = PBXFileReference; fileEncoding = 4; lastKnownFileType = sourcecode.c.h; path = paciente.h; sourceTree = "<group>"; };
		38B1A1D02A310B710069A074 /* cita.h */ = {isa = PBXFileReference; fileEncoding = 4; lastKnownFileType = sourcecode.c.h; path = cita.h; sourceTree = "<group>"; };
		38B1A1D12A310B710069A074 /* funciones.h */ = {isa = PBXFileReference; fileEncoding = 4; lastKnownFileType = sourcecode.c.h; path = funciones.h; sourceTree = "<group>"; };
		38B1A1D22A310B710069A074 /* main.cpp */ = {isa = PBXFileReference; fileEncoding = 4; lastKnownFileType = sourcecode.cpp.cpp; path = main.cpp; sourceTree = "<group>"; };
		38B1A1D32A310B710069A074 /* medico.cpp */ = {isa = PBXFileReference; fileEncoding = 4; lastKnownFileType = sourcecode.cpp.cpp; path = medico.cpp; sourceTree = "<group>"; };
		38B1A1D42A310B710069A074 /* medico.h */ = {isa = PBXFileReference; fileEncoding = 4; lastKnownFileType = sourcecode.c.h; path = medico.h; sourceTree = "<group>"; };
		38B1A1D52A310B710069A074 /* paciente.cpp */ = {isa = PBXFileReference; fileEncoding = 4; lastKnownFileType = sourcecode.cpp.cpp; path = paciente.cpp; sourceTree = "<group>"; };
/* End PBXFileReference section */

/* Begin PBXFrameworksBuildPhase section */
		38B1A1C02A310B090069A074 /* Frameworks */ = {
			isa = PBXFrameworksBuildPhase;
			buildActionMask = 2147483647;
			files = (
			);
			runOnlyForDeploymentPostprocessing = 0;
		};
/* End PBXFrameworksBuildPhase section */

/* Begin PBXGroup section */
		38B1A1BA2A310B090069A074 = {
			isa = PBXGroup;
			children = (
				38B1A1CE2A310B710069A074 /* cita.cpp */,
				38B1A1D02A310B710069A074 /* cita.h */,
				38B1A1CD2A310B710069A074 /* funciones.cpp */,
				38B1A1D12A310B710069A074 /* funciones.h */,
				38B1A1D22A310B710069A074 /* main.cpp */,
				38B1A1D32A310B710069A074 /* medico.cpp */,
				38B1A1D42A310B710069A074 /* medico.h */,
				38B1A1D52A310B710069A074 /* paciente.cpp */,
				38B1A1CF2A310B710069A074 /* paciente.h */,
				38B1A1C42A310B090069A074 /* Products */,
			);
			sourceTree = "<group>";
		};
		38B1A1C42A310B090069A074 /* Products */ = {
			isa = PBXGroup;
			children = (
				38B1A1C32A310B090069A074 /* lab7-2022-1X */,
			);
			name = Products;
			sourceTree = "<group>";
		};
/* End PBXGroup section */

/* Begin PBXNativeTarget section */
		38B1A1C22A310B090069A074 /* lab7-2022-1X */ = {
			isa = PBXNativeTarget;
			buildConfigurationList = 38B1A1CA2A310B090069A074 /* Build configuration list for PBXNativeTarget "lab7-2022-1X" */;
			buildPhases = (
				38B1A1BF2A310B090069A074 /* Sources */,
				38B1A1C02A310B090069A074 /* Frameworks */,
				38B1A1C12A310B090069A074 /* CopyFiles */,
			);
			buildRules = (
			);
			dependencies = (
			);
			name = "lab7-2022-1X";
			productName = "lab7-2022-1X";
			productReference = 38B1A1C32A310B090069A074 /* lab7-2022-1X */;
			productType = "com.apple.product-type.tool";
		};
/* End PBXNativeTarget section */

/* Begin PBXProject section */
		38B1A1BB2A310B090069A074 /* Project object */ = {
			isa = PBXProject;
			attributes = {
				BuildIndependentTargetsInParallel = 1;
				LastUpgradeCheck = 1420;
				TargetAttributes = {
					38B1A1C22A310B090069A074 = {
						CreatedOnToolsVersion = 14.2;
					};
				};
			};
			buildConfigurationList = 38B1A1BE2A310B090069A074 /* Build configuration list for PBXProject "lab7-2022-1X" */;
			compatibilityVersion = "Xcode 14.0";
			developmentRegion = en;
			hasScannedForEncodings = 0;
			knownRegions = (
				en,
				Base,
			);
			mainGroup = 38B1A1BA2A310B090069A074;
			productRefGroup = 38B1A1C42A310B090069A074 /* Products */;
			projectDirPath = "";
			projectRoot = "";
			targets = (
				38B1A1C22A310B090069A074 /* lab7-2022-1X */,
			);
		};
/* End PBXProject section */

/* Begin PBXSourcesBuildPhase section */
		38B1A1BF2A310B090069A074 /* Sources */ = {
			isa = PBXSourcesBuildPhase;
			buildActionMask = 2147483647;
			files = (
				38B1A1DA2A310B710069A074 /* paciente.cpp in Sources */,
				38B1A1D92A310B710069A074 /* medico.cpp in Sources */,
				38B1A1D72A310B710069A074 /* cita.cpp in Sources */,
				38B1A1D62A310B710069A074 /* funciones.cpp in Sources */,
				38B1A1D82A310B710069A074 /* main.cpp in Sources */,
			);
			runOnlyForDeploymentPostprocessing = 0;
		};
/* End PBXSourcesBuildPhase section */

/* Begin XCBuildConfiguration section */
		38B1A1C82A310B090069A074 /* Debug */ = {
			isa = XCBuildConfiguration;
			buildSettings = {
				ALWAYS_SEARCH_USER_PATHS = NO;
				CLANG_ANALYZER_NONNULL = YES;
				CLANG_ANALYZER_NUMBER_OBJECT_CONVERSION = YES_AGGRESSIVE;
				CLANG_CXX_LANGUAGE_STANDARD = "gnu++20";
				CLANG_ENABLE_MODULES = YES;
				CLANG_ENABLE_OBJC_ARC = YES;
				CLANG_ENABLE_OBJC_WEAK = YES;
				CLANG_WARN_BLOCK_CAPTURE_AUTORELEASING = YES;
				CLANG_WARN_BOOL_CONVERSION = YES;
				CLANG_WARN_COMMA = YES;
				CLANG_WARN_CONSTANT_CONVERSION = YES;
				CLANG_WARN_DEPRECATED_OBJC_IMPLEMENTATIONS = YES;
				CLANG_WARN_DIRECT_OBJC_ISA_USAGE = YES_ERROR;
				CLANG_WARN_DOCUMENTATION_COMMENTS = YES;
				CLANG_WARN_EMPTY_BODY = YES;
				CLANG_WARN_ENUM_CONVERSION = YES;
				CLANG_WARN_INFINITE_RECURSION = YES;
				CLANG_WARN_INT_CONVERSION = YES;
				CLANG_WARN_NON_LITERAL_NULL_CONVERSION = YES;
				CLANG_WARN_OBJC_IMPLICIT_RETAIN_SELF = YES;
				CLANG_WARN_OBJC_LITERAL_CONVERSION = YES;
				CLANG_WARN_OBJC_ROOT_CLASS = YES_ERROR;
				CLANG_WARN_QUOTED_INCLUDE_IN_FRAMEWORK_HEADER = YES;
				CLANG_WARN_RANGE_LOOP_ANALYSIS = YES;
				CLANG_WARN_STRICT_PROTOTYPES = YES;
				CLANG_WARN_SUSPICIOUS_MOVE = YES;
				CLANG_WARN_UNGUARDED_AVAILABILITY = YES_AGGRESSIVE;
				CLANG_WARN_UNREACHABLE_CODE = YES;
				CLANG_WARN__DUPLICATE_METHOD_MATCH = YES;
				COPY_PHASE_STRIP = NO;
				DEBUG_INFORMATION_FORMAT = dwarf;
				ENABLE_STRICT_OBJC_MSGSEND = YES;
				ENABLE_TESTABILITY = YES;
				GCC_C_LANGUAGE_STANDARD = gnu11;
				GCC_DYNAMIC_NO_PIC = NO;
				GCC_NO_COMMON_BLOCKS = YES;
				GCC_OPTIMIZATION_LEVEL = 0;
				GCC_PREPROCESSOR_DEFINITIONS = (
					"DEBUG=1",
					"$(inherited)",
				);
				GCC_WARN_64_TO_32_BIT_CONVERSION = YES;
				GCC_WARN_ABOUT_RETURN_TYPE = YES_ERROR;
				GCC_WARN_UNDECLARED_SELECTOR = YES;
				GCC_WARN_UNINITIALIZED_AUTOS = YES_AGGRESSIVE;
				GCC_WARN_UNUSED_FUNCTION = YES;
				GCC_WARN_UNUSED_VARIABLE = YES;
				MACOSX_DEPLOYMENT_TARGET = 12.6;
				MTL_ENABLE_DEBUG_INFO = INCLUDE_SOURCE;
				MTL_FAST_MATH = YES;
				ONLY_ACTIVE_ARCH = YES;
				SDKROOT = macosx;
			};
			name = Debug;
		};
		38B1A1C92A310B090069A074 /* Release */ = {
			isa = XCBuildConfiguration;
			buildSettings = {
				ALWAYS_SEARCH_USER_PATHS = NO;
				CLANG_ANALYZER_NONNULL = YES;
				CLANG_ANALYZER_NUMBER_OBJECT_CONVERSION = YES_AGGRESSIVE;
				CLANG_CXX_LANGUAGE_STANDARD = "gnu++20";
				CLANG_ENABLE_MODULES = YES;
				CLANG_ENABLE_OBJC_ARC = YES;
				CLANG_ENABLE_OBJC_WEAK = YES;
				CLANG_WARN_BLOCK_CAPTURE_AUTORELEASING = YES;
				CLANG_WARN_BOOL_CONVERSION = YES;
				CLANG_WARN_COMMA = YES;
				CLANG_WARN_CONSTANT_CONVERSION = YES;
				CLANG_WARN_DEPRECATED_OBJC_IMPLEMENTATIONS = YES;
				CLANG_WARN_DIRECT_OBJC_ISA_USAGE = YES_ERROR;
				CLANG_WARN_DOCUMENTATION_COMMENTS = YES;
				CLANG_WARN_EMPTY_BODY = YES;
				CLANG_WARN_ENUM_CONVERSION = YES;
				CLANG_WARN_INFINITE_RECURSION = YES;
				CLANG_WARN_INT_CONVERSION = YES;
				CLANG_WARN_NON_LITERAL_NULL_CONVERSION = YES;
				CLANG_WARN_OBJC_IMPLICIT_RETAIN_SELF = YES;
				CLANG_WARN_OBJC_LITERAL_CONVERSION = YES;
				CLANG_WARN_OBJC_ROOT_CLASS = YES_ERROR;
				CLANG_WARN_QUOTED_INCLUDE_IN_FRAMEWORK_HEADER = YES;
				CLANG_WARN_RANGE_LOOP_ANALYSIS = YES;
				CLANG_WARN_STRICT_PROTOTYPES = YES;
				CLANG_WARN_SUSPICIOUS_MOVE = YES;
				CLANG_WARN_UNGUARDED_AVAILABILITY = YES_AGGRESSIVE;
				CLANG_WARN_UNREACHABLE_CODE = YES;
				CLANG_WARN__DUPLICATE_METHOD_MATCH = YES;
				COPY_PHASE_STRIP = NO;
				DEBUG_INFORMATION_FORMAT = "dwarf-with-dsym";
				ENABLE_NS_ASSERTIONS = NO;
				ENABLE_STRICT_OBJC_MSGSEND = YES;
				GCC_C_LANGUAGE_STANDARD = gnu11;
				GCC_NO_COMMON_BLOCKS = YES;
				GCC_WARN_64_TO_32_BIT_CONVERSION = YES;
				GCC_WARN_ABOUT_RETURN_TYPE = YES_ERROR;
				GCC_WARN_UNDECLARED_SELECTOR = YES;
				GCC_WARN_UNINITIALIZED_AUTOS = YES_AGGRESSIVE;
				GCC_WARN_UNUSED_FUNCTION = YES;
				GCC_WARN_UNUSED_VARIABLE = YES;
				MACOSX_DEPLOYMENT_TARGET = 12.6;
				MTL_ENABLE_DEBUG_INFO = NO;
				MTL_FAST_MATH = YES;
				SDKROOT = macosx;
			};
			name = Release;
		};
		38B1A1CB2A310B090069A074 /* Debug */ = {
			isa = XCBuildConfiguration;
			buildSettings = {
				CODE_SIGN_STYLE = Automatic;
				PRODUCT_NAME = "$(TARGET_NAME)";
			};
			name = Debug;
		};
		38B1A1CC2A310B090069A074 /* Release */ = {
			isa = XCBuildConfiguration;
			buildSettings = {
				CODE_SIGN_STYLE = Automatic;
				PRODUCT_NAME = "$(TARGET_NAME)";
			};
			name = Release;
		};
/* End XCBuildConfiguration section */

/* Begin XCConfigurationList section */
		38B1A1BE2A310B090069A074 /* Build configuration list for PBXProject "lab7-2022-1X" */ = {
			isa = XCConfigurationList;
			buildConfigurations = (
				38B1A1C82A310B090069A074 /* Debug */,
				38B1A1C92A310B090069A074 /* Release */,
			);
			defaultConfigurationIsVisible = 0;
			defaultConfigurationName = Release;
		};
		38B1A1CA2A310B090069A074 /* Build configuration list for PBXNativeTarget "lab7-2022-1X" */ = {
			isa = XCConfigurationList;
			buildConfigurations = (
				38B1A1CB2A310B090069A074 /* Debug */,
				38B1A1CC2A310B090069A074 /* Release */,
			);
			defaultConfigurationIsVisible = 0;
			defaultConfigurationName = Release;
		};
/* End XCConfigurationList section */
	};
	rootObject = 38B1A1BB2A310B090069A074 /* Project object */;
}
